
Microsoft Visual Studio Solution File, Format Version 12.00
# Visual Studio Version 17
VisualStudioVersion = 17.1.32421.90
MinimumVisualStudioVersion = 10.0.40219.1
Project("{FAE04EC0-301F-11D3-BF4B-00C04F79EFBC}") = "DLLTab", "DLLTab.csproj", "{669118A9-1D27-4157-84CC-57E04F5E1951}"
EndProject
Global
	GlobalSection(SolutionConfigurationPlatforms) = preSolution
		Debug|Any CPU = Debug|Any CPU
		Release|Any CPU = Release|Any CPU
	EndGlobalSection
	GlobalSection(ProjectConfigurationPlatforms) = postSolution
		{669118A9-1D27-4157-84CC-57E04F5E1951}.Debug|Any CPU.ActiveCfg = Debug|Any CPU
		{669118A9-1D27-4157-84CC-57E04F5E1951}.Debug|Any CPU.Build.0 = Debug|Any CPU
		{669118A9-1D27-4157-84CC-57E04F5E1951}.Release|Any CPU.ActiveCfg = Release|Any CPU
		{669118A9-1D27-4157-84CC-57E04F5E1951}.Release|Any CPU.Build.0 = Release|Any CPU
	EndGlobalSection
	GlobalSection(SolutionProperties) = preSolution
		HideSolutionNode = FALSE
	EndGlobalSection
	GlobalSection(ExtensibilityGlobals) = postSolution
		SolutionGuid = {CFA19E39-250A-4BBE-B4C7-971EC64176D5}
	EndGlobalSection
EndGlobal
